
Microsoft Visual Studio Solution File, Format Version 12.00
# Visual Studio 14
VisualStudioVersion = 14.0.25420.1
MinimumVisualStudioVersion = 10.0.40219.1
Project("{FAE04EC0-301F-11D3-BF4B-00C04F79EFBC}") = "PowerConsole", "PowerConsole\PowerConsole.csproj", "{31B95D87-C9B1-40C3-9FCD-EE29430F800E}"
EndProject
Project("{FAE04EC0-301F-11D3-BF4B-00C04F79EFBC}") = "PowerConsoleTests", "PowerConsoleTests\PowerConsoleTests.csproj", "{7BF542FA-A2C6-4C3F-8C80-09BB8C6EFAA5}"
EndProject
Global
	GlobalSection(SolutionConfigurationPlatforms) = preSolution
		Debug|Any CPU = Debug|Any CPU
		Release|Any CPU = Release|Any CPU
	EndGlobalSection
	GlobalSection(ProjectConfigurationPlatforms) = postSolution
		{31B95D87-C9B1-40C3-9FCD-EE29430F800E}.Debug|Any CPU.ActiveCfg = Debug|Any CPU
		{31B95D87-C9B1-40C3-9FCD-EE29430F800E}.Debug|Any CPU.Build.0 = Debug|Any CPU
		{31B95D87-C9B1-40C3-9FCD-EE29430F800E}.Release|Any CPU.ActiveCfg = Release|Any CPU
		{31B95D87-C9B1-40C3-9FCD-EE29430F800E}.Release|Any CPU.Build.0 = Release|Any CPU
		{7BF542FA-A2C6-4C3F-8C80-09BB8C6EFAA5}.Debug|Any CPU.ActiveCfg = Debug|Any CPU
		{7BF542FA-A2C6-4C3F-8C80-09BB8C6EFAA5}.Debug|Any CPU.Build.0 = Debug|Any CPU
		{7BF542FA-A2C6-4C3F-8C80-09BB8C6EFAA5}.Release|Any CPU.ActiveCfg = Release|Any CPU
		{7BF542FA-A2C6-4C3F-8C80-09BB8C6EFAA5}.Release|Any CPU.Build.0 = Release|Any CPU
	EndGlobalSection
	GlobalSection(SolutionProperties) = preSolution
		HideSolutionNode = FALSE
	EndGlobalSection
EndGlobal
